
Microsoft Visual Studio Solution File, Format Version 12.00
# Visual Studio 15
VisualStudioVersion = 15.0.27703.2042
MinimumVisualStudioVersion = 10.0.40219.1
Project("{F2A71F9B-5D33-465A-A702-920D77279786}") = "FrayTracer", "FrayTracer\FrayTracer.fsproj", "{EEB946D4-49CC-49DE-BF5B-B0D28939EDF5}"
EndProject
Project("{F2A71F9B-5D33-465A-A702-920D77279786}") = "FrayTracer.Console", "FrayTracer.Console\FrayTracer.Console.fsproj", "{5B9344FC-C447-49BF-AFE2-4FDAC3A24C12}"
EndProject
Global
	GlobalSection(SolutionConfigurationPlatforms) = preSolution
		Debug|Any CPU = Debug|Any CPU
		Release|Any CPU = Release|Any CPU
	EndGlobalSection
	GlobalSection(ProjectConfigurationPlatforms) = postSolution
		{EEB946D4-49CC-49DE-BF5B-B0D28939EDF5}.Debug|Any CPU.ActiveCfg = Debug|Any CPU
		{EEB946D4-49CC-49DE-BF5B-B0D28939EDF5}.Debug|Any CPU.Build.0 = Debug|Any CPU
		{EEB946D4-49CC-49DE-BF5B-B0D28939EDF5}.Release|Any CPU.ActiveCfg = Release|Any CPU
		{EEB946D4-49CC-49DE-BF5B-B0D28939EDF5}.Release|Any CPU.Build.0 = Release|Any CPU
		{5B9344FC-C447-49BF-AFE2-4FDAC3A24C12}.Debug|Any CPU.ActiveCfg = Debug|Any CPU
		{5B9344FC-C447-49BF-AFE2-4FDAC3A24C12}.Debug|Any CPU.Build.0 = Debug|Any CPU
		{5B9344FC-C447-49BF-AFE2-4FDAC3A24C12}.Release|Any CPU.ActiveCfg = Release|Any CPU
		{5B9344FC-C447-49BF-AFE2-4FDAC3A24C12}.Release|Any CPU.Build.0 = Release|Any CPU
	EndGlobalSection
	GlobalSection(SolutionProperties) = preSolution
		HideSolutionNode = FALSE
	EndGlobalSection
	GlobalSection(ExtensibilityGlobals) = postSolution
		SolutionGuid = {139AD7E9-D466-437B-BA65-227940792686}
	EndGlobalSection
EndGlobal
